
Microsoft Visual Studio Solution File, Format Version 12.00
# Visual Studio 15
VisualStudioVersion = 15.0.28010.2016
MinimumVisualStudioVersion = 10.0.40219.1
Project("{FAE04EC0-301F-11D3-BF4B-00C04F79EFBC}") = "Activity2Part3", "WebApplication1\Activity2Part3.csproj", "{D62B1F5A-A197-4100-97FA-247FDE53307A}"
EndProject
Global
	GlobalSection(SolutionConfigurationPlatforms) = preSolution
		Debug|Any CPU = Debug|Any CPU
		Release|Any CPU = Release|Any CPU
	EndGlobalSection
	GlobalSection(ProjectConfigurationPlatforms) = postSolution
		{D62B1F5A-A197-4100-97FA-247FDE53307A}.Debug|Any CPU.ActiveCfg = Debug|Any CPU
		{D62B1F5A-A197-4100-97FA-247FDE53307A}.Debug|Any CPU.Build.0 = Debug|Any CPU
		{D62B1F5A-A197-4100-97FA-247FDE53307A}.Release|Any CPU.ActiveCfg = Release|Any CPU
		{D62B1F5A-A197-4100-97FA-247FDE53307A}.Release|Any CPU.Build.0 = Release|Any CPU
	EndGlobalSection
	GlobalSection(SolutionProperties) = preSolution
		HideSolutionNode = FALSE
	EndGlobalSection
	GlobalSection(ExtensibilityGlobals) = postSolution
		SolutionGuid = {F331B48C-8D9F-4B9A-931D-B2802DFAD1C7}
	EndGlobalSection
EndGlobal
