
Microsoft Visual Studio Solution File, Format Version 12.00
# Visual Studio 15
VisualStudioVersion = 15.0.28010.2016
MinimumVisualStudioVersion = 10.0.40219.1
Project("{FAE04EC0-301F-11D3-BF4B-00C04F79EFBC}") = "Activity1Part2", "Activity1Part2\Activity1Part2.csproj", "{55011C7E-AB85-4B7B-925F-7833C1C8A6F8}"
EndProject
Global
	GlobalSection(SolutionConfigurationPlatforms) = preSolution
		Debug|Any CPU = Debug|Any CPU
		Release|Any CPU = Release|Any CPU
	EndGlobalSection
	GlobalSection(ProjectConfigurationPlatforms) = postSolution
		{55011C7E-AB85-4B7B-925F-7833C1C8A6F8}.Debug|Any CPU.ActiveCfg = Debug|Any CPU
		{55011C7E-AB85-4B7B-925F-7833C1C8A6F8}.Debug|Any CPU.Build.0 = Debug|Any CPU
		{55011C7E-AB85-4B7B-925F-7833C1C8A6F8}.Release|Any CPU.ActiveCfg = Release|Any CPU
		{55011C7E-AB85-4B7B-925F-7833C1C8A6F8}.Release|Any CPU.Build.0 = Release|Any CPU
	EndGlobalSection
	GlobalSection(SolutionProperties) = preSolution
		HideSolutionNode = FALSE
	EndGlobalSection
	GlobalSection(ExtensibilityGlobals) = postSolution
		SolutionGuid = {78DB6DEC-3B1C-4596-9BDA-246A5AACC173}
	EndGlobalSection
EndGlobal
